// !$*UTF8*$!
{
	archiveVersion = 1;
	classes = {
	};
	objectVersion = 56;
	objects = {

/* Begin PBXBuildFile section */
		87AF4EAF29331F7E00EA77AA /* MiniApp112_mockstub02_QiitaAPIApp.swift in Sources */ = {isa = PBXBuildFile; fileRef = 87AF4EAE29331F7E00EA77AA /* MiniApp112_mockstub02_QiitaAPIApp.swift */; };
		87AF4EB129331F7E00EA77AA /* ContentView.swift in Sources */ = {isa = PBXBuildFile; fileRef = 87AF4EB029331F7E00EA77AA /* ContentView.swift */; };
		87AF4EB329331F7F00EA77AA /* Assets.xcassets in Resources */ = {isa = PBXBuildFile; fileRef = 87AF4EB229331F7F00EA77AA /* Assets.xcassets */; };
		87AF4EB629331F7F00EA77AA /* Preview Assets.xcassets in Resources */ = {isa = PBXBuildFile; fileRef = 87AF4EB529331F7F00EA77AA /* Preview Assets.xcassets */; };
		87AF4EC029331F8000EA77AA /* MiniApp112_mockstub02_QiitaAPITests.swift in Sources */ = {isa = PBXBuildFile; fileRef = 87AF4EBF29331F8000EA77AA /* MiniApp112_mockstub02_QiitaAPITests.swift */; };
		87AF4ECA29331F8000EA77AA /* MiniApp112_mockstub02_QiitaAPIUITests.swift in Sources */ = {isa = PBXBuildFile; fileRef = 87AF4EC929331F8000EA77AA /* MiniApp112_mockstub02_QiitaAPIUITests.swift */; };
		87AF4ECC29331F8000EA77AA /* MiniApp112_mockstub02_QiitaAPIUITestsLaunchTests.swift in Sources */ = {isa = PBXBuildFile; fileRef = 87AF4ECB29331F8000EA77AA /* MiniApp112_mockstub02_QiitaAPIUITestsLaunchTests.swift */; };
		87AF4EDA2933205500EA77AA /* ArticleListAPIClientProtocol.swift in Sources */ = {isa = PBXBuildFile; fileRef = 87AF4ED92933205500EA77AA /* ArticleListAPIClientProtocol.swift */; };
		87AF4EDC2933206A00EA77AA /* ArticleListAPIClient.swift in Sources */ = {isa = PBXBuildFile; fileRef = 87AF4EDB2933206A00EA77AA /* ArticleListAPIClient.swift */; };
		87AF4EDF293326BD00EA77AA /* MockTitleFetchr.swift in Sources */ = {isa = PBXBuildFile; fileRef = 87AF4EDE293326BD00EA77AA /* MockTitleFetchr.swift */; };
		87AF4EE0293326DA00EA77AA /* ArticleListAPIClientProtocol.swift in Sources */ = {isa = PBXBuildFile; fileRef = 87AF4ED92933205500EA77AA /* ArticleListAPIClientProtocol.swift */; };
		87AF4EE1293326DB00EA77AA /* ArticleListAPIClientProtocol.swift in Sources */ = {isa = PBXBuildFile; fileRef = 87AF4ED92933205500EA77AA /* ArticleListAPIClientProtocol.swift */; };
		87AF4EE22933273600EA77AA /* ArticleListAPIClient.swift in Sources */ = {isa = PBXBuildFile; fileRef = 87AF4EDB2933206A00EA77AA /* ArticleListAPIClient.swift */; };
		87AF4EE32933273700EA77AA /* ArticleListAPIClient.swift in Sources */ = {isa = PBXBuildFile; fileRef = 87AF4EDB2933206A00EA77AA /* ArticleListAPIClient.swift */; };
		87AF4EE62933277300EA77AA /* ArticleViewModel.swift in Sources */ = {isa = PBXBuildFile; fileRef = 87AF4EE52933277300EA77AA /* ArticleViewModel.swift */; };
		87AF4EE72933277C00EA77AA /* ArticleViewModel.swift in Sources */ = {isa = PBXBuildFile; fileRef = 87AF4EE52933277300EA77AA /* ArticleViewModel.swift */; };
/* End PBXBuildFile section */

/* Begin PBXContainerItemProxy section */
		87AF4EBC29331F8000EA77AA /* PBXContainerItemProxy */ = {
			isa = PBXContainerItemProxy;
			containerPortal = 87AF4EA329331F7E00EA77AA /* Project object */;
			proxyType = 1;
			remoteGlobalIDString = 87AF4EAA29331F7E00EA77AA;
			remoteInfo = "MiniApp112-mockstub02-QiitaAPI";
		};
		87AF4EC629331F8000EA77AA /* PBXContainerItemProxy */ = {
			isa = PBXContainerItemProxy;
			containerPortal = 87AF4EA329331F7E00EA77AA /* Project object */;
			proxyType = 1;
			remoteGlobalIDString = 87AF4EAA29331F7E00EA77AA;
			remoteInfo = "MiniApp112-mockstub02-QiitaAPI";
		};
/* End PBXContainerItemProxy section */

/* Begin PBXFileReference section */
		87AF4EAB29331F7E00EA77AA /* MiniApp112-mockstub02-QiitaAPI.app */ = {isa = PBXFileReference; explicitFileType = wrapper.application; includeInIndex = 0; path = "MiniApp112-mockstub02-QiitaAPI.app"; sourceTree = BUILT_PRODUCTS_DIR; };
		87AF4EAE29331F7E00EA77AA /* MiniApp112_mockstub02_QiitaAPIApp.swift */ = {isa = PBXFileReference; lastKnownFileType = sourcecode.swift; path = MiniApp112_mockstub02_QiitaAPIApp.swift; sourceTree = "<group>"; };
		87AF4EB029331F7E00EA77AA /* ContentView.swift */ = {isa = PBXFileReference; lastKnownFileType = sourcecode.swift; path = ContentView.swift; sourceTree = "<group>"; };
		87AF4EB229331F7F00EA77AA /* Assets.xcassets */ = {isa = PBXFileReference; lastKnownFileType = folder.assetcatalog; path = Assets.xcassets; sourceTree = "<group>"; };
		87AF4EB529331F7F00EA77AA /* Preview Assets.xcassets */ = {isa = PBXFileReference; lastKnownFileType = folder.assetcatalog; path = "Preview Assets.xcassets"; sourceTree = "<group>"; };
		87AF4EBB29331F7F00EA77AA /* MiniApp112-mockstub02-QiitaAPITests.xctest */ = {isa = PBXFileReference; explicitFileType = wrapper.cfbundle; includeInIndex = 0; path = "MiniApp112-mockstub02-QiitaAPITests.xctest"; sourceTree = BUILT_PRODUCTS_DIR; };
		87AF4EBF29331F8000EA77AA /* MiniApp112_mockstub02_QiitaAPITests.swift */ = {isa = PBXFileReference; lastKnownFileType = sourcecode.swift; path = MiniApp112_mockstub02_QiitaAPITests.swift; sourceTree = "<group>"; };
		87AF4EC529331F8000EA77AA /* MiniApp112-mockstub02-QiitaAPIUITests.xctest */ = {isa = PBXFileReference; explicitFileType = wrapper.cfbundle; includeInIndex = 0; path = "MiniApp112-mockstub02-QiitaAPIUITests.xctest"; sourceTree = BUILT_PRODUCTS_DIR; };
		87AF4EC929331F8000EA77AA /* MiniApp112_mockstub02_QiitaAPIUITests.swift */ = {isa = PBXFileReference; lastKnownFileType = sourcecode.swift; path = MiniApp112_mockstub02_QiitaAPIUITests.swift; sourceTree = "<group>"; };
		87AF4ECB29331F8000EA77AA /* MiniApp112_mockstub02_QiitaAPIUITestsLaunchTests.swift */ = {isa = PBXFileReference; lastKnownFileType = sourcecode.swift; path = MiniApp112_mockstub02_QiitaAPIUITestsLaunchTests.swift; sourceTree = "<group>"; };
		87AF4ED92933205500EA77AA /* ArticleListAPIClientProtocol.swift */ = {isa = PBXFileReference; lastKnownFileType = sourcecode.swift; path = ArticleListAPIClientProtocol.swift; sourceTree = "<group>"; };
		87AF4EDB2933206A00EA77AA /* ArticleListAPIClient.swift */ = {isa = PBXFileReference; lastKnownFileType = sourcecode.swift; path = ArticleListAPIClient.swift; sourceTree = "<group>"; };
		87AF4EDE293326BD00EA77AA /* MockTitleFetchr.swift */ = {isa = PBXFileReference; lastKnownFileType = sourcecode.swift; path = MockTitleFetchr.swift; sourceTree = "<group>"; };
		87AF4EE52933277300EA77AA /* ArticleViewModel.swift */ = {isa = PBXFileReference; lastKnownFileType = sourcecode.swift; path = ArticleViewModel.swift; sourceTree = "<group>"; };
/* End PBXFileReference section */

/* Begin PBXFrameworksBuildPhase section */
		87AF4EA829331F7E00EA77AA /* Frameworks */ = {
			isa = PBXFrameworksBuildPhase;
			buildActionMask = 2147483647;
			files = (
			);
			runOnlyForDeploymentPostprocessing = 0;
		};
		87AF4EB829331F7F00EA77AA /* Frameworks */ = {
			isa = PBXFrameworksBuildPhase;
			buildActionMask = 2147483647;
			files = (
			);
			runOnlyForDeploymentPostprocessing = 0;
		};
		87AF4EC229331F8000EA77AA /* Frameworks */ = {
			isa = PBXFrameworksBuildPhase;
			buildActionMask = 2147483647;
			files = (
			);
			runOnlyForDeploymentPostprocessing = 0;
		};
/* End PBXFrameworksBuildPhase section */

/* Begin PBXGroup section */
		87AF4EA229331F7E00EA77AA = {
			isa = PBXGroup;
			children = (
				87AF4EAD29331F7E00EA77AA /* MiniApp112-mockstub02-QiitaAPI */,
				87AF4EBE29331F8000EA77AA /* MiniApp112-mockstub02-QiitaAPITests */,
				87AF4EC829331F8000EA77AA /* MiniApp112-mockstub02-QiitaAPIUITests */,
				87AF4EAC29331F7E00EA77AA /* Products */,
			);
			sourceTree = "<group>";
		};
		87AF4EAC29331F7E00EA77AA /* Products */ = {
			isa = PBXGroup;
			children = (
				87AF4EAB29331F7E00EA77AA /* MiniApp112-mockstub02-QiitaAPI.app */,
				87AF4EBB29331F7F00EA77AA /* MiniApp112-mockstub02-QiitaAPITests.xctest */,
				87AF4EC529331F8000EA77AA /* MiniApp112-mockstub02-QiitaAPIUITests.xctest */,
			);
			name = Products;
			sourceTree = "<group>";
		};
		87AF4EAD29331F7E00EA77AA /* MiniApp112-mockstub02-QiitaAPI */ = {
			isa = PBXGroup;
			children = (
				87AF4ED82933204600EA77AA /* Model */,
				87AF4EDD2933209E00EA77AA /* View */,
				87AF4EE42933275C00EA77AA /* ViewModel */,
				87AF4EAE29331F7E00EA77AA /* MiniApp112_mockstub02_QiitaAPIApp.swift */,
				87AF4EB229331F7F00EA77AA /* Assets.xcassets */,
				87AF4EB429331F7F00EA77AA /* Preview Content */,
			);
			path = "MiniApp112-mockstub02-QiitaAPI";
			sourceTree = "<group>";
		};
		87AF4EB429331F7F00EA77AA /* Preview Content */ = {
			isa = PBXGroup;
			children = (
				87AF4EB529331F7F00EA77AA /* Preview Assets.xcassets */,
			);
			path = "Preview Content";
			sourceTree = "<group>";
		};
		87AF4EBE29331F8000EA77AA /* MiniApp112-mockstub02-QiitaAPITests */ = {
			isa = PBXGroup;
			children = (
				87AF4EBF29331F8000EA77AA /* MiniApp112_mockstub02_QiitaAPITests.swift */,
				87AF4EDE293326BD00EA77AA /* MockTitleFetchr.swift */,
			);
			path = "MiniApp112-mockstub02-QiitaAPITests";
			sourceTree = "<group>";
		};
		87AF4EC829331F8000EA77AA /* MiniApp112-mockstub02-QiitaAPIUITests */ = {
			isa = PBXGroup;
			children = (
				87AF4EC929331F8000EA77AA /* MiniApp112_mockstub02_QiitaAPIUITests.swift */,
				87AF4ECB29331F8000EA77AA /* MiniApp112_mockstub02_QiitaAPIUITestsLaunchTests.swift */,
			);
			path = "MiniApp112-mockstub02-QiitaAPIUITests";
			sourceTree = "<group>";
		};
		87AF4ED82933204600EA77AA /* Model */ = {
			isa = PBXGroup;
			children = (
				87AF4ED92933205500EA77AA /* ArticleListAPIClientProtocol.swift */,
				87AF4EDB2933206A00EA77AA /* ArticleListAPIClient.swift */,
			);
			path = Model;
			sourceTree = "<group>";
		};
		87AF4EDD2933209E00EA77AA /* View */ = {
			isa = PBXGroup;
			children = (
				87AF4EB029331F7E00EA77AA /* ContentView.swift */,
			);
			path = View;
			sourceTree = "<group>";
		};
		87AF4EE42933275C00EA77AA /* ViewModel */ = {
			isa = PBXGroup;
			children = (
				87AF4EE52933277300EA77AA /* ArticleViewModel.swift */,
			);
			path = ViewModel;
			sourceTree = "<group>";
		};
/* End PBXGroup section */

/* Begin PBXNativeTarget section */
		87AF4EAA29331F7E00EA77AA /* MiniApp112-mockstub02-QiitaAPI */ = {
			isa = PBXNativeTarget;
			buildConfigurationList = 87AF4ECF29331F8000EA77AA /* Build configuration list for PBXNativeTarget "MiniApp112-mockstub02-QiitaAPI" */;
			buildPhases = (
				87AF4EA729331F7E00EA77AA /* Sources */,
				87AF4EA829331F7E00EA77AA /* Frameworks */,
				87AF4EA929331F7E00EA77AA /* Resources */,
			);
			buildRules = (
			);
			dependencies = (
			);
			name = "MiniApp112-mockstub02-QiitaAPI";
			productName = "MiniApp112-mockstub02-QiitaAPI";
			productReference = 87AF4EAB29331F7E00EA77AA /* MiniApp112-mockstub02-QiitaAPI.app */;
			productType = "com.apple.product-type.application";
		};
		87AF4EBA29331F7F00EA77AA /* MiniApp112-mockstub02-QiitaAPITests */ = {
			isa = PBXNativeTarget;
			buildConfigurationList = 87AF4ED229331F8000EA77AA /* Build configuration list for PBXNativeTarget "MiniApp112-mockstub02-QiitaAPITests" */;
			buildPhases = (
				87AF4EB729331F7F00EA77AA /* Sources */,
				87AF4EB829331F7F00EA77AA /* Frameworks */,
				87AF4EB929331F7F00EA77AA /* Resources */,
			);
			buildRules = (
			);
			dependencies = (
				87AF4EBD29331F8000EA77AA /* PBXTargetDependency */,
			);
			name = "MiniApp112-mockstub02-QiitaAPITests";
			productName = "MiniApp112-mockstub02-QiitaAPITests";
			productReference = 87AF4EBB29331F7F00EA77AA /* MiniApp112-mockstub02-QiitaAPITests.xctest */;
			productType = "com.apple.product-type.bundle.unit-test";
		};
		87AF4EC429331F8000EA77AA /* MiniApp112-mockstub02-QiitaAPIUITests */ = {
			isa = PBXNativeTarget;
			buildConfigurationList = 87AF4ED529331F8000EA77AA /* Build configuration list for PBXNativeTarget "MiniApp112-mockstub02-QiitaAPIUITests" */;
			buildPhases = (
				87AF4EC129331F8000EA77AA /* Sources */,
				87AF4EC229331F8000EA77AA /* Frameworks */,
				87AF4EC329331F8000EA77AA /* Resources */,
			);
			buildRules = (
			);
			dependencies = (
				87AF4EC729331F8000EA77AA /* PBXTargetDependency */,
			);
			name = "MiniApp112-mockstub02-QiitaAPIUITests";
			productName = "MiniApp112-mockstub02-QiitaAPIUITests";
			productReference = 87AF4EC529331F8000EA77AA /* MiniApp112-mockstub02-QiitaAPIUITests.xctest */;
			productType = "com.apple.product-type.bundle.ui-testing";
		};
/* End PBXNativeTarget section */

/* Begin PBXProject section */
		87AF4EA329331F7E00EA77AA /* Project object */ = {
			isa = PBXProject;
			attributes = {
				BuildIndependentTargetsInParallel = 1;
				LastSwiftUpdateCheck = 1410;
				LastUpgradeCheck = 1410;
				TargetAttributes = {
					87AF4EAA29331F7E00EA77AA = {
						CreatedOnToolsVersion = 14.1;
					};
					87AF4EBA29331F7F00EA77AA = {
						CreatedOnToolsVersion = 14.1;
						TestTargetID = 87AF4EAA29331F7E00EA77AA;
					};
					87AF4EC429331F8000EA77AA = {
						CreatedOnToolsVersion = 14.1;
						TestTargetID = 87AF4EAA29331F7E00EA77AA;
					};
				};
			};
			buildConfigurationList = 87AF4EA629331F7E00EA77AA /* Build configuration list for PBXProject "MiniApp112-mockstub02-QiitaAPI" */;
			compatibilityVersion = "Xcode 14.0";
			developmentRegion = en;
			hasScannedForEncodings = 0;
			knownRegions = (
				en,
				Base,
			);
			mainGroup = 87AF4EA229331F7E00EA77AA;
			productRefGroup = 87AF4EAC29331F7E00EA77AA /* Products */;
			projectDirPath = "";
			projectRoot = "";
			targets = (
				87AF4EAA29331F7E00EA77AA /* MiniApp112-mockstub02-QiitaAPI */,
				87AF4EBA29331F7F00EA77AA /* MiniApp112-mockstub02-QiitaAPITests */,
				87AF4EC429331F8000EA77AA /* MiniApp112-mockstub02-QiitaAPIUITests */,
			);
		};
/* End PBXProject section */

/* Begin PBXResourcesBuildPhase section */
		87AF4EA929331F7E00EA77AA /* Resources */ = {
			isa = PBXResourcesBuildPhase;
			buildActionMask = 2147483647;
			files = (
				87AF4EB629331F7F00EA77AA /* Preview Assets.xcassets in Resources */,
				87AF4EB329331F7F00EA77AA /* Assets.xcassets in Resources */,
			);
			runOnlyForDeploymentPostprocessing = 0;
		};
		87AF4EB929331F7F00EA77AA /* Resources */ = {
			isa = PBXResourcesBuildPhase;
			buildActionMask = 2147483647;
			files = (
			);
			runOnlyForDeploymentPostprocessing = 0;
		};
		87AF4EC329331F8000EA77AA /* Resources */ = {
			isa = PBXResourcesBuildPhase;
			buildActionMask = 2147483647;
			files = (
			);
			runOnlyForDeploymentPostprocessing = 0;
		};
/* End PBXResourcesBuildPhase section */

/* Begin PBXSourcesBuildPhase section */
		87AF4EA729331F7E00EA77AA /* Sources */ = {
			isa = PBXSourcesBuildPhase;
			buildActionMask = 2147483647;
			files = (
				87AF4EDA2933205500EA77AA /* ArticleListAPIClientProtocol.swift in Sources */,
				87AF4EB129331F7E00EA77AA /* ContentView.swift in Sources */,
				87AF4EDC2933206A00EA77AA /* ArticleListAPIClient.swift in Sources */,
				87AF4EE62933277300EA77AA /* ArticleViewModel.swift in Sources */,
				87AF4EAF29331F7E00EA77AA /* MiniApp112_mockstub02_QiitaAPIApp.swift in Sources */,
			);
			runOnlyForDeploymentPostprocessing = 0;
		};
		87AF4EB729331F7F00EA77AA /* Sources */ = {
			isa = PBXSourcesBuildPhase;
			buildActionMask = 2147483647;
			files = (
				87AF4EE0293326DA00EA77AA /* ArticleListAPIClientProtocol.swift in Sources */,
				87AF4EDF293326BD00EA77AA /* MockTitleFetchr.swift in Sources */,
				87AF4EE22933273600EA77AA /* ArticleListAPIClient.swift in Sources */,
				87AF4EE72933277C00EA77AA /* ArticleViewModel.swift in Sources */,
				87AF4EC029331F8000EA77AA /* MiniApp112_mockstub02_QiitaAPITests.swift in Sources */,
			);
			runOnlyForDeploymentPostprocessing = 0;
		};
		87AF4EC129331F8000EA77AA /* Sources */ = {
			isa = PBXSourcesBuildPhase;
			buildActionMask = 2147483647;
			files = (
				87AF4EE1293326DB00EA77AA /* ArticleListAPIClientProtocol.swift in Sources */,
				87AF4ECC29331F8000EA77AA /* MiniApp112_mockstub02_QiitaAPIUITestsLaunchTests.swift in Sources */,
				87AF4EE32933273700EA77AA /* ArticleListAPIClient.swift in Sources */,
				87AF4ECA29331F8000EA77AA /* MiniApp112_mockstub02_QiitaAPIUITests.swift in Sources */,
			);
			runOnlyForDeploymentPostprocessing = 0;
		};
/* End PBXSourcesBuildPhase section */

/* Begin PBXTargetDependency section */
		87AF4EBD29331F8000EA77AA /* PBXTargetDependency */ = {
			isa = PBXTargetDependency;
			target = 87AF4EAA29331F7E00EA77AA /* MiniApp112-mockstub02-QiitaAPI */;
			targetProxy = 87AF4EBC29331F8000EA77AA /* PBXContainerItemProxy */;
		};
		87AF4EC729331F8000EA77AA /* PBXTargetDependency */ = {
			isa = PBXTargetDependency;
			target = 87AF4EAA29331F7E00EA77AA /* MiniApp112-mockstub02-QiitaAPI */;
			targetProxy = 87AF4EC629331F8000EA77AA /* PBXContainerItemProxy */;
		};
/* End PBXTargetDependency section */

/* Begin XCBuildConfiguration section */
		87AF4ECD29331F8000EA77AA /* Debug */ = {
			isa = XCBuildConfiguration;
			buildSettings = {
				ALWAYS_SEARCH_USER_PATHS = NO;
				CLANG_ANALYZER_NONNULL = YES;
				CLANG_ANALYZER_NUMBER_OBJECT_CONVERSION = YES_AGGRESSIVE;
				CLANG_CXX_LANGUAGE_STANDARD = "gnu++20";
				CLANG_ENABLE_MODULES = YES;
				CLANG_ENABLE_OBJC_ARC = YES;
				CLANG_ENABLE_OBJC_WEAK = YES;
				CLANG_WARN_BLOCK_CAPTURE_AUTORELEASING = YES;
				CLANG_WARN_BOOL_CONVERSION = YES;
				CLANG_WARN_COMMA = YES;
				CLANG_WARN_CONSTANT_CONVERSION = YES;
				CLANG_WARN_DEPRECATED_OBJC_IMPLEMENTATIONS = YES;
				CLANG_WARN_DIRECT_OBJC_ISA_USAGE = YES_ERROR;
				CLANG_WARN_DOCUMENTATION_COMMENTS = YES;
				CLANG_WARN_EMPTY_BODY = YES;
				CLANG_WARN_ENUM_CONVERSION = YES;
				CLANG_WARN_INFINITE_RECURSION = YES;
				CLANG_WARN_INT_CONVERSION = YES;
				CLANG_WARN_NON_LITERAL_NULL_CONVERSION = YES;
				CLANG_WARN_OBJC_IMPLICIT_RETAIN_SELF = YES;
				CLANG_WARN_OBJC_LITERAL_CONVERSION = YES;
				CLANG_WARN_OBJC_ROOT_CLASS = YES_ERROR;
				CLANG_WARN_QUOTED_INCLUDE_IN_FRAMEWORK_HEADER = YES;
				CLANG_WARN_RANGE_LOOP_ANALYSIS = YES;
				CLANG_WARN_STRICT_PROTOTYPES = YES;
				CLANG_WARN_SUSPICIOUS_MOVE = YES;
				CLANG_WARN_UNGUARDED_AVAILABILITY = YES_AGGRESSIVE;
				CLANG_WARN_UNREACHABLE_CODE = YES;
				CLANG_WARN__DUPLICATE_METHOD_MATCH = YES;
				COPY_PHASE_STRIP = NO;
				DEBUG_INFORMATION_FORMAT = dwarf;
				ENABLE_STRICT_OBJC_MSGSEND = YES;
				ENABLE_TESTABILITY = YES;
				GCC_C_LANGUAGE_STANDARD = gnu11;
				GCC_DYNAMIC_NO_PIC = NO;
				GCC_NO_COMMON_BLOCKS = YES;
				GCC_OPTIMIZATION_LEVEL = 0;
				GCC_PREPROCESSOR_DEFINITIONS = (
					"DEBUG=1",
					"$(inherited)",
				);
				GCC_WARN_64_TO_32_BIT_CONVERSION = YES;
				GCC_WARN_ABOUT_RETURN_TYPE = YES_ERROR;
				GCC_WARN_UNDECLARED_SELECTOR = YES;
				GCC_WARN_UNINITIALIZED_AUTOS = YES_AGGRESSIVE;
				GCC_WARN_UNUSED_FUNCTION = YES;
				GCC_WARN_UNUSED_VARIABLE = YES;
				IPHONEOS_DEPLOYMENT_TARGET = 16.1;
				MTL_ENABLE_DEBUG_INFO = INCLUDE_SOURCE;
				MTL_FAST_MATH = YES;
				ONLY_ACTIVE_ARCH = YES;
				SDKROOT = iphoneos;
				SWIFT_ACTIVE_COMPILATION_CONDITIONS = DEBUG;
				SWIFT_OPTIMIZATION_LEVEL = "-Onone";
			};
			name = Debug;
		};
		87AF4ECE29331F8000EA77AA /* Release */ = {
			isa = XCBuildConfiguration;
			buildSettings = {
				ALWAYS_SEARCH_USER_PATHS = NO;
				CLANG_ANALYZER_NONNULL = YES;
				CLANG_ANALYZER_NUMBER_OBJECT_CONVERSION = YES_AGGRESSIVE;
				CLANG_CXX_LANGUAGE_STANDARD = "gnu++20";
				CLANG_ENABLE_MODULES = YES;
				CLANG_ENABLE_OBJC_ARC = YES;
				CLANG_ENABLE_OBJC_WEAK = YES;
				CLANG_WARN_BLOCK_CAPTURE_AUTORELEASING = YES;
				CLANG_WARN_BOOL_CONVERSION = YES;
				CLANG_WARN_COMMA = YES;
				CLANG_WARN_CONSTANT_CONVERSION = YES;
				CLANG_WARN_DEPRECATED_OBJC_IMPLEMENTATIONS = YES;
				CLANG_WARN_DIRECT_OBJC_ISA_USAGE = YES_ERROR;
				CLANG_WARN_DOCUMENTATION_COMMENTS = YES;
				CLANG_WARN_EMPTY_BODY = YES;
				CLANG_WARN_ENUM_CONVERSION = YES;
				CLANG_WARN_INFINITE_RECURSION = YES;
				CLANG_WARN_INT_CONVERSION = YES;
				CLANG_WARN_NON_LITERAL_NULL_CONVERSION = YES;
				CLANG_WARN_OBJC_IMPLICIT_RETAIN_SELF = YES;
				CLANG_WARN_OBJC_LITERAL_CONVERSION = YES;
				CLANG_WARN_OBJC_ROOT_CLASS = YES_ERROR;
				CLANG_WARN_QUOTED_INCLUDE_IN_FRAMEWORK_HEADER = YES;
				CLANG_WARN_RANGE_LOOP_ANALYSIS = YES;
				CLANG_WARN_STRICT_PROTOTYPES = YES;
				CLANG_WARN_SUSPICIOUS_MOVE = YES;
				CLANG_WARN_UNGUARDED_AVAILABILITY = YES_AGGRESSIVE;
				CLANG_WARN_UNREACHABLE_CODE = YES;
				CLANG_WARN__DUPLICATE_METHOD_MATCH = YES;
				COPY_PHASE_STRIP = NO;
				DEBUG_INFORMATION_FORMAT = "dwarf-with-dsym";
				ENABLE_NS_ASSERTIONS = NO;
				ENABLE_STRICT_OBJC_MSGSEND = YES;
				GCC_C_LANGUAGE_STANDARD = gnu11;
				GCC_NO_COMMON_BLOCKS = YES;
				GCC_WARN_64_TO_32_BIT_CONVERSION = YES;
				GCC_WARN_ABOUT_RETURN_TYPE = YES_ERROR;
				GCC_WARN_UNDECLARED_SELECTOR = YES;
				GCC_WARN_UNINITIALIZED_AUTOS = YES_AGGRESSIVE;
				GCC_WARN_UNUSED_FUNCTION = YES;
				GCC_WARN_UNUSED_VARIABLE = YES;
				IPHONEOS_DEPLOYMENT_TARGET = 16.1;
				MTL_ENABLE_DEBUG_INFO = NO;
				MTL_FAST_MATH = YES;
				SDKROOT = iphoneos;
				SWIFT_COMPILATION_MODE = wholemodule;
				SWIFT_OPTIMIZATION_LEVEL = "-O";
				VALIDATE_PRODUCT = YES;
			};
			name = Release;
		};
		87AF4ED029331F8000EA77AA /* Debug */ = {
			isa = XCBuildConfiguration;
			buildSettings = {
				ASSETCATALOG_COMPILER_APPICON_NAME = AppIcon;
				ASSETCATALOG_COMPILER_GLOBAL_ACCENT_COLOR_NAME = AccentColor;
				CODE_SIGN_STYLE = Automatic;
				CURRENT_PROJECT_VERSION = 1;
				DEVELOPMENT_ASSET_PATHS = "\"MiniApp112-mockstub02-QiitaAPI/Preview Content\"";
				DEVELOPMENT_TEAM = 558ZJSQN67;
				ENABLE_PREVIEWS = YES;
				GENERATE_INFOPLIST_FILE = YES;
				INFOPLIST_KEY_UIApplicationSceneManifest_Generation = YES;
				INFOPLIST_KEY_UIApplicationSupportsIndirectInputEvents = YES;
				INFOPLIST_KEY_UILaunchScreen_Generation = YES;
				INFOPLIST_KEY_UISupportedInterfaceOrientations_iPad = "UIInterfaceOrientationPortrait UIInterfaceOrientationPortraitUpsideDown UIInterfaceOrientationLandscapeLeft UIInterfaceOrientationLandscapeRight";
				INFOPLIST_KEY_UISupportedInterfaceOrientations_iPhone = "UIInterfaceOrientationPortrait UIInterfaceOrientationLandscapeLeft UIInterfaceOrientationLandscapeRight";
				LD_RUNPATH_SEARCH_PATHS = (
					"$(inherited)",
					"@executable_path/Frameworks",
				);
				MARKETING_VERSION = 1.0;
				PRODUCT_BUNDLE_IDENTIFIER = "org.tetoblog.MiniApp112-mockstub02-QiitaAPI";
				PRODUCT_NAME = "$(TARGET_NAME)";
				SWIFT_EMIT_LOC_STRINGS = YES;
				SWIFT_VERSION = 5.0;
				TARGETED_DEVICE_FAMILY = "1,2";
			};
			name = Debug;
		};
		87AF4ED129331F8000EA77AA /* Release */ = {
			isa = XCBuildConfiguration;
			buildSettings = {
				ASSETCATALOG_COMPILER_APPICON_NAME = AppIcon;
				ASSETCATALOG_COMPILER_GLOBAL_ACCENT_COLOR_NAME = AccentColor;
				CODE_SIGN_STYLE = Automatic;
				CURRENT_PROJECT_VERSION = 1;
				DEVELOPMENT_ASSET_PATHS = "\"MiniApp112-mockstub02-QiitaAPI/Preview Content\"";
				DEVELOPMENT_TEAM = 558ZJSQN67;
				ENABLE_PREVIEWS = YES;
				GENERATE_INFOPLIST_FILE = YES;
				INFOPLIST_KEY_UIApplicationSceneManifest_Generation = YES;
				INFOPLIST_KEY_UIApplicationSupportsIndirectInputEvents = YES;
				INFOPLIST_KEY_UILaunchScreen_Generation = YES;
				INFOPLIST_KEY_UISupportedInterfaceOrientations_iPad = "UIInterfaceOrientationPortrait UIInterfaceOrientationPortraitUpsideDown UIInterfaceOrientationLandscapeLeft UIInterfaceOrientationLandscapeRight";
				INFOPLIST_KEY_UISupportedInterfaceOrientations_iPhone = "UIInterfaceOrientationPortrait UIInterfaceOrientationLandscapeLeft UIInterfaceOrientationLandscapeRight";
				LD_RUNPATH_SEARCH_PATHS = (
					"$(inherited)",
					"@executable_path/Frameworks",
				);
				MARKETING_VERSION = 1.0;
				PRODUCT_BUNDLE_IDENTIFIER = "org.tetoblog.MiniApp112-mockstub02-QiitaAPI";
				PRODUCT_NAME = "$(TARGET_NAME)";
				SWIFT_EMIT_LOC_STRINGS = YES;
				SWIFT_VERSION = 5.0;
				TARGETED_DEVICE_FAMILY = "1,2";
			};
			name = Release;
		};
		87AF4ED329331F8000EA77AA /* Debug */ = {
			isa = XCBuildConfiguration;
			buildSettings = {
				ALWAYS_EMBED_SWIFT_STANDARD_LIBRARIES = YES;
				BUNDLE_LOADER = "$(TEST_HOST)";
				CODE_SIGN_STYLE = Automatic;
				CURRENT_PROJECT_VERSION = 1;
				DEVELOPMENT_TEAM = 558ZJSQN67;
				GENERATE_INFOPLIST_FILE = YES;
				IPHONEOS_DEPLOYMENT_TARGET = 16.1;
				MARKETING_VERSION = 1.0;
				PRODUCT_BUNDLE_IDENTIFIER = "org.tetoblog.MiniApp112-mockstub02-QiitaAPITests";
				PRODUCT_NAME = "$(TARGET_NAME)";
				SWIFT_EMIT_LOC_STRINGS = NO;
				SWIFT_VERSION = 5.0;
				TARGETED_DEVICE_FAMILY = "1,2";
				TEST_HOST = "$(BUILT_PRODUCTS_DIR)/MiniApp112-mockstub02-QiitaAPI.app/$(BUNDLE_EXECUTABLE_FOLDER_PATH)/MiniApp112-mockstub02-QiitaAPI";
			};
			name = Debug;
		};
		87AF4ED429331F8000EA77AA /* Release */ = {
			isa = XCBuildConfiguration;
			buildSettings = {
				ALWAYS_EMBED_SWIFT_STANDARD_LIBRARIES = YES;
				BUNDLE_LOADER = "$(TEST_HOST)";
				CODE_SIGN_STYLE = Automatic;
				CURRENT_PROJECT_VERSION = 1;
				DEVELOPMENT_TEAM = 558ZJSQN67;
				GENERATE_INFOPLIST_FILE = YES;
				IPHONEOS_DEPLOYMENT_TARGET = 16.1;
				MARKETING_VERSION = 1.0;
				PRODUCT_BUNDLE_IDENTIFIER = "org.tetoblog.MiniApp112-mockstub02-QiitaAPITests";
				PRODUCT_NAME = "$(TARGET_NAME)";
				SWIFT_EMIT_LOC_STRINGS = NO;
				SWIFT_VERSION = 5.0;
				TARGETED_DEVICE_FAMILY = "1,2";
				TEST_HOST = "$(BUILT_PRODUCTS_DIR)/MiniApp112-mockstub02-QiitaAPI.app/$(BUNDLE_EXECUTABLE_FOLDER_PATH)/MiniApp112-mockstub02-QiitaAPI";
			};
			name = Release;
		};
		87AF4ED629331F8000EA77AA /* Debug */ = {
			isa = XCBuildConfiguration;
			buildSettings = {
				ALWAYS_EMBED_SWIFT_STANDARD_LIBRARIES = YES;
				CODE_SIGN_STYLE = Automatic;
				CURRENT_PROJECT_VERSION = 1;
				DEVELOPMENT_TEAM = 558ZJSQN67;
				GENERATE_INFOPLIST_FILE = YES;
				MARKETING_VERSION = 1.0;
				PRODUCT_BUNDLE_IDENTIFIER = "org.tetoblog.MiniApp112-mockstub02-QiitaAPIUITests";
				PRODUCT_NAME = "$(TARGET_NAME)";
				SWIFT_EMIT_LOC_STRINGS = NO;
				SWIFT_VERSION = 5.0;
				TARGETED_DEVICE_FAMILY = "1,2";
				TEST_TARGET_NAME = "MiniApp112-mockstub02-QiitaAPI";
			};
			name = Debug;
		};
		87AF4ED729331F8000EA77AA /* Release */ = {
			isa = XCBuildConfiguration;
			buildSettings = {
				ALWAYS_EMBED_SWIFT_STANDARD_LIBRARIES = YES;
				CODE_SIGN_STYLE = Automatic;
				CURRENT_PROJECT_VERSION = 1;
				DEVELOPMENT_TEAM = 558ZJSQN67;
				GENERATE_INFOPLIST_FILE = YES;
				MARKETING_VERSION = 1.0;
				PRODUCT_BUNDLE_IDENTIFIER = "org.tetoblog.MiniApp112-mockstub02-QiitaAPIUITests";
				PRODUCT_NAME = "$(TARGET_NAME)";
				SWIFT_EMIT_LOC_STRINGS = NO;
				SWIFT_VERSION = 5.0;
				TARGETED_DEVICE_FAMILY = "1,2";
				TEST_TARGET_NAME = "MiniApp112-mockstub02-QiitaAPI";
			};
			name = Release;
		};
/* End XCBuildConfiguration section */

/* Begin XCConfigurationList section */
		87AF4EA629331F7E00EA77AA /* Build configuration list for PBXProject "MiniApp112-mockstub02-QiitaAPI" */ = {
			isa = XCConfigurationList;
			buildConfigurations = (
				87AF4ECD29331F8000EA77AA /* Debug */,
				87AF4ECE29331F8000EA77AA /* Release */,
			);
			defaultConfigurationIsVisible = 0;
			defaultConfigurationName = Release;
		};
		87AF4ECF29331F8000EA77AA /* Build configuration list for PBXNativeTarget "MiniApp112-mockstub02-QiitaAPI" */ = {
			isa = XCConfigurationList;
			buildConfigurations = (
				87AF4ED029331F8000EA77AA /* Debug */,
				87AF4ED129331F8000EA77AA /* Release */,
			);
			defaultConfigurationIsVisible = 0;
			defaultConfigurationName = Release;
		};
		87AF4ED229331F8000EA77AA /* Build configuration list for PBXNativeTarget "MiniApp112-mockstub02-QiitaAPITests" */ = {
			isa = XCConfigurationList;
			buildConfigurations = (
				87AF4ED329331F8000EA77AA /* Debug */,
				87AF4ED429331F8000EA77AA /* Release */,
			);
			defaultConfigurationIsVisible = 0;
			defaultConfigurationName = Release;
		};
		87AF4ED529331F8000EA77AA /* Build configuration list for PBXNativeTarget "MiniApp112-mockstub02-QiitaAPIUITests" */ = {
			isa = XCConfigurationList;
			buildConfigurations = (
				87AF4ED629331F8000EA77AA /* Debug */,
				87AF4ED729331F8000EA77AA /* Release */,
			);
			defaultConfigurationIsVisible = 0;
			defaultConfigurationName = Release;
		};
/* End XCConfigurationList section */
	};
	rootObject = 87AF4EA329331F7E00EA77AA /* Project object */;
}
